
Microsoft Visual Studio Solution File, Format Version 12.00
# Visual Studio Version 17
VisualStudioVersion = 17.0.31903.59
MinimumVisualStudioVersion = 10.0.40219.1
Project("{FAE04EC0-301F-11D3-BF4B-00C04F79EFBC}") = "CalculationService2", "CalculationService2\CalculationService2.csproj", "{D3C64F4E-7325-45EE-824C-65E14235FEB1}"
EndProject
Global
	GlobalSection(SolutionConfigurationPlatforms) = preSolution
		Debug|Any CPU = Debug|Any CPU
		Release|Any CPU = Release|Any CPU
	EndGlobalSection
	GlobalSection(ProjectConfigurationPlatforms) = postSolution
		{D3C64F4E-7325-45EE-824C-65E14235FEB1}.Debug|Any CPU.ActiveCfg = Debug|Any CPU
		{D3C64F4E-7325-45EE-824C-65E14235FEB1}.Debug|Any CPU.Build.0 = Debug|Any CPU
		{D3C64F4E-7325-45EE-824C-65E14235FEB1}.Release|Any CPU.ActiveCfg = Release|Any CPU
		{D3C64F4E-7325-45EE-824C-65E14235FEB1}.Release|Any CPU.Build.0 = Release|Any CPU
	EndGlobalSection
	GlobalSection(SolutionProperties) = preSolution
		HideSolutionNode = FALSE
	EndGlobalSection
	GlobalSection(ExtensibilityGlobals) = postSolution
		SolutionGuid = {F184CEAF-8951-42FD-9D14-FB956E9A8F3B}
	EndGlobalSection
EndGlobal
